
Microsoft Visual Studio Solution File, Format Version 12.00
# Visual Studio 15
VisualStudioVersion = 15.0.28010.2036
MinimumVisualStudioVersion = 10.0.40219.1
Project("{FAE04EC0-301F-11D3-BF4B-00C04F79EFBC}") = "TypeRacer", "TypeRacer\TypeRacer.csproj", "{734E2AFE-227B-469F-B50C-C6662704B3FB}"
EndProject
Global
	GlobalSection(SolutionConfigurationPlatforms) = preSolution
		Debug|Any CPU = Debug|Any CPU
		Release|Any CPU = Release|Any CPU
	EndGlobalSection
	GlobalSection(ProjectConfigurationPlatforms) = postSolution
		{734E2AFE-227B-469F-B50C-C6662704B3FB}.Debug|Any CPU.ActiveCfg = Debug|Any CPU
		{734E2AFE-227B-469F-B50C-C6662704B3FB}.Debug|Any CPU.Build.0 = Debug|Any CPU
		{734E2AFE-227B-469F-B50C-C6662704B3FB}.Release|Any CPU.ActiveCfg = Release|Any CPU
		{734E2AFE-227B-469F-B50C-C6662704B3FB}.Release|Any CPU.Build.0 = Release|Any CPU
	EndGlobalSection
	GlobalSection(SolutionProperties) = preSolution
		HideSolutionNode = FALSE
	EndGlobalSection
	GlobalSection(ExtensibilityGlobals) = postSolution
		SolutionGuid = {85AA6366-4F92-49B8-94E2-51692489CCC4}
	EndGlobalSection
EndGlobal
